
Microsoft Visual Studio Solution File, Format Version 12.00
# Visual Studio Version 17
VisualStudioVersion = 17.14.36119.2 d17.14
MinimumVisualStudioVersion = 10.0.40219.1
Project("{FAE04EC0-301F-11D3-BF4B-00C04F79EFBC}") = "classz_2_4", "classz_2_4\classz_2_4.csproj", "{2DE6DA7F-D3D2-4E7D-A16A-B29D9611CE21}"
EndProject
Global
	GlobalSection(SolutionConfigurationPlatforms) = preSolution
		Debug|Any CPU = Debug|Any CPU
		Release|Any CPU = Release|Any CPU
	EndGlobalSection
	GlobalSection(ProjectConfigurationPlatforms) = postSolution
		{2DE6DA7F-D3D2-4E7D-A16A-B29D9611CE21}.Debug|Any CPU.ActiveCfg = Debug|Any CPU
		{2DE6DA7F-D3D2-4E7D-A16A-B29D9611CE21}.Debug|Any CPU.Build.0 = Debug|Any CPU
		{2DE6DA7F-D3D2-4E7D-A16A-B29D9611CE21}.Release|Any CPU.ActiveCfg = Release|Any CPU
		{2DE6DA7F-D3D2-4E7D-A16A-B29D9611CE21}.Release|Any CPU.Build.0 = Release|Any CPU
	EndGlobalSection
	GlobalSection(SolutionProperties) = preSolution
		HideSolutionNode = FALSE
	EndGlobalSection
	GlobalSection(ExtensibilityGlobals) = postSolution
		SolutionGuid = {E67E3B80-CE39-43AB-BD55-3199D46EE8E1}
	EndGlobalSection
EndGlobal
