
Microsoft Visual Studio Solution File, Format Version 12.00
# Visual Studio Version 17
VisualStudioVersion = 17.14.36119.2 d17.14
MinimumVisualStudioVersion = 10.0.40219.1
Project("{FAE04EC0-301F-11D3-BF4B-00C04F79EFBC}") = "classz_2_9", "classz_2_9\classz_2_9.csproj", "{280C0D42-0394-4D34-9422-607641274F45}"
EndProject
Global
	GlobalSection(SolutionConfigurationPlatforms) = preSolution
		Debug|Any CPU = Debug|Any CPU
		Release|Any CPU = Release|Any CPU
	EndGlobalSection
	GlobalSection(ProjectConfigurationPlatforms) = postSolution
		{280C0D42-0394-4D34-9422-607641274F45}.Debug|Any CPU.ActiveCfg = Debug|Any CPU
		{280C0D42-0394-4D34-9422-607641274F45}.Debug|Any CPU.Build.0 = Debug|Any CPU
		{280C0D42-0394-4D34-9422-607641274F45}.Release|Any CPU.ActiveCfg = Release|Any CPU
		{280C0D42-0394-4D34-9422-607641274F45}.Release|Any CPU.Build.0 = Release|Any CPU
	EndGlobalSection
	GlobalSection(SolutionProperties) = preSolution
		HideSolutionNode = FALSE
	EndGlobalSection
	GlobalSection(ExtensibilityGlobals) = postSolution
		SolutionGuid = {15A9581A-A484-466C-904B-0DF0E64230F7}
	EndGlobalSection
EndGlobal
