
Microsoft Visual Studio Solution File, Format Version 12.00
# Visual Studio Version 17
VisualStudioVersion = 17.14.36119.2 d17.14
MinimumVisualStudioVersion = 10.0.40219.1
Project("{FAE04EC0-301F-11D3-BF4B-00C04F79EFBC}") = "dz_1_5", "dz_1_5\dz_1_5.csproj", "{D08C1F91-807D-43A0-AB6F-AD98177BFF2D}"
EndProject
Global
	GlobalSection(SolutionConfigurationPlatforms) = preSolution
		Debug|Any CPU = Debug|Any CPU
		Release|Any CPU = Release|Any CPU
	EndGlobalSection
	GlobalSection(ProjectConfigurationPlatforms) = postSolution
		{D08C1F91-807D-43A0-AB6F-AD98177BFF2D}.Debug|Any CPU.ActiveCfg = Debug|Any CPU
		{D08C1F91-807D-43A0-AB6F-AD98177BFF2D}.Debug|Any CPU.Build.0 = Debug|Any CPU
		{D08C1F91-807D-43A0-AB6F-AD98177BFF2D}.Release|Any CPU.ActiveCfg = Release|Any CPU
		{D08C1F91-807D-43A0-AB6F-AD98177BFF2D}.Release|Any CPU.Build.0 = Release|Any CPU
	EndGlobalSection
	GlobalSection(SolutionProperties) = preSolution
		HideSolutionNode = FALSE
	EndGlobalSection
	GlobalSection(ExtensibilityGlobals) = postSolution
		SolutionGuid = {602DA188-3A7B-4521-BB2E-8B1A142CBCA7}
	EndGlobalSection
EndGlobal
