
Microsoft Visual Studio Solution File, Format Version 12.00
# Visual Studio Version 17
VisualStudioVersion = 17.14.36119.2 d17.14
MinimumVisualStudioVersion = 10.0.40219.1
Project("{FAE04EC0-301F-11D3-BF4B-00C04F79EFBC}") = "dz_1_4", "dz_1_4\dz_1_4.csproj", "{40B37BC0-7C70-4A24-A2D0-2A833E95E041}"
EndProject
Global
	GlobalSection(SolutionConfigurationPlatforms) = preSolution
		Debug|Any CPU = Debug|Any CPU
		Release|Any CPU = Release|Any CPU
	EndGlobalSection
	GlobalSection(ProjectConfigurationPlatforms) = postSolution
		{40B37BC0-7C70-4A24-A2D0-2A833E95E041}.Debug|Any CPU.ActiveCfg = Debug|Any CPU
		{40B37BC0-7C70-4A24-A2D0-2A833E95E041}.Debug|Any CPU.Build.0 = Debug|Any CPU
		{40B37BC0-7C70-4A24-A2D0-2A833E95E041}.Release|Any CPU.ActiveCfg = Release|Any CPU
		{40B37BC0-7C70-4A24-A2D0-2A833E95E041}.Release|Any CPU.Build.0 = Release|Any CPU
	EndGlobalSection
	GlobalSection(SolutionProperties) = preSolution
		HideSolutionNode = FALSE
	EndGlobalSection
	GlobalSection(ExtensibilityGlobals) = postSolution
		SolutionGuid = {9928D8D8-9871-4BA2-A101-6F0C4C8CDEAB}
	EndGlobalSection
EndGlobal
