
Microsoft Visual Studio Solution File, Format Version 12.00
# Visual Studio Version 17
VisualStudioVersion = 17.14.36119.2 d17.14
MinimumVisualStudioVersion = 10.0.40219.1
Project("{FAE04EC0-301F-11D3-BF4B-00C04F79EFBC}") = "dz_2_3", "dz_2_3\dz_2_3.csproj", "{45F0FAF4-029C-4153-BD84-C5934FEF827C}"
EndProject
Global
	GlobalSection(SolutionConfigurationPlatforms) = preSolution
		Debug|Any CPU = Debug|Any CPU
		Release|Any CPU = Release|Any CPU
	EndGlobalSection
	GlobalSection(ProjectConfigurationPlatforms) = postSolution
		{45F0FAF4-029C-4153-BD84-C5934FEF827C}.Debug|Any CPU.ActiveCfg = Debug|Any CPU
		{45F0FAF4-029C-4153-BD84-C5934FEF827C}.Debug|Any CPU.Build.0 = Debug|Any CPU
		{45F0FAF4-029C-4153-BD84-C5934FEF827C}.Release|Any CPU.ActiveCfg = Release|Any CPU
		{45F0FAF4-029C-4153-BD84-C5934FEF827C}.Release|Any CPU.Build.0 = Release|Any CPU
	EndGlobalSection
	GlobalSection(SolutionProperties) = preSolution
		HideSolutionNode = FALSE
	EndGlobalSection
	GlobalSection(ExtensibilityGlobals) = postSolution
		SolutionGuid = {236D91E9-7E95-4E70-A3A3-CE026E6A3B11}
	EndGlobalSection
EndGlobal
