
Microsoft Visual Studio Solution File, Format Version 12.00
# Visual Studio Version 17
VisualStudioVersion = 17.14.36119.2 d17.14
MinimumVisualStudioVersion = 10.0.40219.1
Project("{FAE04EC0-301F-11D3-BF4B-00C04F79EFBC}") = "classz_1_1", "classz_1_1\classz_1_1.csproj", "{56712CF9-C8D1-4B9F-9055-000E9BF653DA}"
EndProject
Global
	GlobalSection(SolutionConfigurationPlatforms) = preSolution
		Debug|Any CPU = Debug|Any CPU
		Release|Any CPU = Release|Any CPU
	EndGlobalSection
	GlobalSection(ProjectConfigurationPlatforms) = postSolution
		{56712CF9-C8D1-4B9F-9055-000E9BF653DA}.Debug|Any CPU.ActiveCfg = Debug|Any CPU
		{56712CF9-C8D1-4B9F-9055-000E9BF653DA}.Debug|Any CPU.Build.0 = Debug|Any CPU
		{56712CF9-C8D1-4B9F-9055-000E9BF653DA}.Release|Any CPU.ActiveCfg = Release|Any CPU
		{56712CF9-C8D1-4B9F-9055-000E9BF653DA}.Release|Any CPU.Build.0 = Release|Any CPU
	EndGlobalSection
	GlobalSection(SolutionProperties) = preSolution
		HideSolutionNode = FALSE
	EndGlobalSection
	GlobalSection(ExtensibilityGlobals) = postSolution
		SolutionGuid = {CD9375F0-B32C-47CE-BEE4-F5711CF2D619}
	EndGlobalSection
EndGlobal
