
Microsoft Visual Studio Solution File, Format Version 12.00
# Visual Studio Version 17
VisualStudioVersion = 17.14.36119.2 d17.14
MinimumVisualStudioVersion = 10.0.40219.1
Project("{FAE04EC0-301F-11D3-BF4B-00C04F79EFBC}") = "classz_2_10", "classz_2_10\classz_2_10.csproj", "{2604CB9A-2FB9-4922-9506-99ED8854135B}"
EndProject
Global
	GlobalSection(SolutionConfigurationPlatforms) = preSolution
		Debug|Any CPU = Debug|Any CPU
		Release|Any CPU = Release|Any CPU
	EndGlobalSection
	GlobalSection(ProjectConfigurationPlatforms) = postSolution
		{2604CB9A-2FB9-4922-9506-99ED8854135B}.Debug|Any CPU.ActiveCfg = Debug|Any CPU
		{2604CB9A-2FB9-4922-9506-99ED8854135B}.Debug|Any CPU.Build.0 = Debug|Any CPU
		{2604CB9A-2FB9-4922-9506-99ED8854135B}.Release|Any CPU.ActiveCfg = Release|Any CPU
		{2604CB9A-2FB9-4922-9506-99ED8854135B}.Release|Any CPU.Build.0 = Release|Any CPU
	EndGlobalSection
	GlobalSection(SolutionProperties) = preSolution
		HideSolutionNode = FALSE
	EndGlobalSection
	GlobalSection(ExtensibilityGlobals) = postSolution
		SolutionGuid = {A62C1022-1878-44D7-9231-0384CD9681ED}
	EndGlobalSection
EndGlobal
